// !$*UTF8*$!
{
	archiveVersion = 1;
	classes = {
	};
	objectVersion = 77;
	objects = {

/* Begin PBXBuildFile section */
		4CD1B04E2EF540810004B9C0 /* FirebaseAuth in Frameworks */ = {isa = PBXBuildFile; productRef = 4CD1B04D2EF540810004B9C0 /* FirebaseAuth */; };
		4CD1B0502EF540810004B9C0 /* FirebaseFirestore in Frameworks */ = {isa = PBXBuildFile; productRef = 4CD1B04F2EF540810004B9C0 /* FirebaseFirestore */; };
/* End PBXBuildFile section */

/* Begin PBXContainerItemProxy section */
		4CD1B00D2EF292020004B9C0 /* PBXContainerItemProxy */ = {
			isa = PBXContainerItemProxy;
			containerPortal = 4CD1AFF52EF292020004B9C0 /* Project object */;
			proxyType = 1;
			remoteGlobalIDString = 4CD1AFFC2EF292020004B9C0;
			remoteInfo = OctagonAI;
		};
		4CD1B0172EF292020004B9C0 /* PBXContainerItemProxy */ = {
			isa = PBXContainerItemProxy;
			containerPortal = 4CD1AFF52EF292020004B9C0 /* Project object */;
			proxyType = 1;
			remoteGlobalIDString = 4CD1AFFC2EF292020004B9C0;
			remoteInfo = OctagonAI;
		};
/* End PBXContainerItemProxy section */

/* Begin PBXFileReference section */
		4CD1AFFD2EF292020004B9C0 /* OctagonAI.app */ = {isa = PBXFileReference; explicitFileType = wrapper.application; includeInIndex = 0; path = OctagonAI.app; sourceTree = BUILT_PRODUCTS_DIR; };
		4CD1B00C2EF292020004B9C0 /* OctagonAITests.xctest */ = {isa = PBXFileReference; explicitFileType = wrapper.cfbundle; includeInIndex = 0; path = OctagonAITests.xctest; sourceTree = BUILT_PRODUCTS_DIR; };
		4CD1B0162EF292020004B9C0 /* OctagonAIUITests.xctest */ = {isa = PBXFileReference; explicitFileType = wrapper.cfbundle; includeInIndex = 0; path = OctagonAIUITests.xctest; sourceTree = BUILT_PRODUCTS_DIR; };
/* End PBXFileReference section */

/* Begin PBXFileSystemSynchronizedRootGroup section */
		4CD1AFFF2EF292020004B9C0 /* OctagonAI */ = {
			isa = PBXFileSystemSynchronizedRootGroup;
			path = OctagonAI;
			sourceTree = "<group>";
		};
		4CD1B00F2EF292020004B9C0 /* OctagonAITests */ = {
			isa = PBXFileSystemSynchronizedRootGroup;
			path = OctagonAITests;
			sourceTree = "<group>";
		};
		4CD1B0192EF292020004B9C0 /* OctagonAIUITests */ = {
			isa = PBXFileSystemSynchronizedRootGroup;
			path = OctagonAIUITests;
			sourceTree = "<group>";
		};
/* End PBXFileSystemSynchronizedRootGroup section */

/* Begin PBXFrameworksBuildPhase section */
		4CD1AFFA2EF292020004B9C0 /* Frameworks */ = {
			isa = PBXFrameworksBuildPhase;
			buildActionMask = 2147483647;
			files = (
				4CD1B04E2EF540810004B9C0 /* FirebaseAuth in Frameworks */,
				4CD1B0502EF540810004B9C0 /* FirebaseFirestore in Frameworks */,
			);
			runOnlyForDeploymentPostprocessing = 0;
		};
		4CD1B0092EF292020004B9C0 /* Frameworks */ = {
			isa = PBXFrameworksBuildPhase;
			buildActionMask = 2147483647;
			files = (
			);
			runOnlyForDeploymentPostprocessing = 0;
		};
		4CD1B0132EF292020004B9C0 /* Frameworks */ = {
			isa = PBXFrameworksBuildPhase;
			buildActionMask = 2147483647;
			files = (
			);
			runOnlyForDeploymentPostprocessing = 0;
		};
/* End PBXFrameworksBuildPhase section */

/* Begin PBXGroup section */
		4CD1AFF42EF292020004B9C0 = {
			isa = PBXGroup;
			children = (
				4CD1AFFF2EF292020004B9C0 /* OctagonAI */,
				4CD1B00F2EF292020004B9C0 /* OctagonAITests */,
				4CD1B0192EF292020004B9C0 /* OctagonAIUITests */,
				4CD1AFFE2EF292020004B9C0 /* Products */,
			);
			sourceTree = "<group>";
		};
		4CD1AFFE2EF292020004B9C0 /* Products */ = {
			isa = PBXGroup;
			children = (
				4CD1AFFD2EF292020004B9C0 /* OctagonAI.app */,
				4CD1B00C2EF292020004B9C0 /* OctagonAITests.xctest */,
				4CD1B0162EF292020004B9C0 /* OctagonAIUITests.xctest */,
			);
			name = Products;
			sourceTree = "<group>";
		};
/* End PBXGroup section */

/* Begin PBXNativeTarget section */
		4CD1AFFC2EF292020004B9C0 /* OctagonAI */ = {
			isa = PBXNativeTarget;
			buildConfigurationList = 4CD1B0202EF292020004B9C0 /* Build configuration list for PBXNativeTarget "OctagonAI" */;
			buildPhases = (
				4CD1AFF92EF292020004B9C0 /* Sources */,
				4CD1AFFA2EF292020004B9C0 /* Frameworks */,
				4CD1AFFB2EF292020004B9C0 /* Resources */,
			);
			buildRules = (
			);
			dependencies = (
			);
			fileSystemSynchronizedGroups = (
				4CD1AFFF2EF292020004B9C0 /* OctagonAI */,
			);
			name = OctagonAI;
			packageProductDependencies = (
				4CD1B04D2EF540810004B9C0 /* FirebaseAuth */,
				4CD1B04F2EF540810004B9C0 /* FirebaseFirestore */,
			);
			productName = OctagonAI;
			productReference = 4CD1AFFD2EF292020004B9C0 /* OctagonAI.app */;
			productType = "com.apple.product-type.application";
		};
		4CD1B00B2EF292020004B9C0 /* OctagonAITests */ = {
			isa = PBXNativeTarget;
			buildConfigurationList = 4CD1B0232EF292020004B9C0 /* Build configuration list for PBXNativeTarget "OctagonAITests" */;
			buildPhases = (
				4CD1B0082EF292020004B9C0 /* Sources */,
				4CD1B0092EF292020004B9C0 /* Frameworks */,
				4CD1B00A2EF292020004B9C0 /* Resources */,
			);
			buildRules = (
			);
			dependencies = (
				4CD1B00E2EF292020004B9C0 /* PBXTargetDependency */,
			);
			fileSystemSynchronizedGroups = (
				4CD1B00F2EF292020004B9C0 /* OctagonAITests */,
			);
			name = OctagonAITests;
			packageProductDependencies = (
			);
			productName = OctagonAITests;
			productReference = 4CD1B00C2EF292020004B9C0 /* OctagonAITests.xctest */;
			productType = "com.apple.product-type.bundle.unit-test";
		};
		4CD1B0152EF292020004B9C0 /* OctagonAIUITests */ = {
			isa = PBXNativeTarget;
			buildConfigurationList = 4CD1B0262EF292020004B9C0 /* Build configuration list for PBXNativeTarget "OctagonAIUITests" */;
			buildPhases = (
				4CD1B0122EF292020004B9C0 /* Sources */,
				4CD1B0132EF292020004B9C0 /* Frameworks */,
				4CD1B0142EF292020004B9C0 /* Resources */,
			);
			buildRules = (
			);
			dependencies = (
				4CD1B0182EF292020004B9C0 /* PBXTargetDependency */,
			);
			fileSystemSynchronizedGroups = (
				4CD1B0192EF292020004B9C0 /* OctagonAIUITests */,
			);
			name = OctagonAIUITests;
			packageProductDependencies = (
			);
			productName = OctagonAIUITests;
			productReference = 4CD1B0162EF292020004B9C0 /* OctagonAIUITests.xctest */;
			productType = "com.apple.product-type.bundle.ui-testing";
		};
/* End PBXNativeTarget section */

/* Begin PBXProject section */
		4CD1AFF52EF292020004B9C0 /* Project object */ = {
			isa = PBXProject;
			attributes = {
				BuildIndependentTargetsInParallel = 1;
				LastSwiftUpdateCheck = 2600;
				LastUpgradeCheck = 2600;
				TargetAttributes = {
					4CD1AFFC2EF292020004B9C0 = {
						CreatedOnToolsVersion = 26.0;
					};
					4CD1B00B2EF292020004B9C0 = {
						CreatedOnToolsVersion = 26.0;
						TestTargetID = 4CD1AFFC2EF292020004B9C0;
					};
					4CD1B0152EF292020004B9C0 = {
						CreatedOnToolsVersion = 26.0;
						TestTargetID = 4CD1AFFC2EF292020004B9C0;
					};
				};
			};
			buildConfigurationList = 4CD1AFF82EF292020004B9C0 /* Build configuration list for PBXProject "OctagonAI" */;
			developmentRegion = en;
			hasScannedForEncodings = 0;
			knownRegions = (
				en,
				Base,
			);
			mainGroup = 4CD1AFF42EF292020004B9C0;
			minimizedProjectReferenceProxies = 1;
			packageReferences = (
				4CD1B04C2EF540810004B9C0 /* XCRemoteSwiftPackageReference "firebase-ios-sdk" */,
			);
			preferredProjectObjectVersion = 77;
			productRefGroup = 4CD1AFFE2EF292020004B9C0 /* Products */;
			projectDirPath = "";
			projectRoot = "";
			targets = (
				4CD1AFFC2EF292020004B9C0 /* OctagonAI */,
				4CD1B00B2EF292020004B9C0 /* OctagonAITests */,
				4CD1B0152EF292020004B9C0 /* OctagonAIUITests */,
			);
		};
/* End PBXProject section */

/* Begin PBXResourcesBuildPhase section */
		4CD1AFFB2EF292020004B9C0 /* Resources */ = {
			isa = PBXResourcesBuildPhase;
			buildActionMask = 2147483647;
			files = (
			);
			runOnlyForDeploymentPostprocessing = 0;
		};
		4CD1B00A2EF292020004B9C0 /* Resources */ = {
			isa = PBXResourcesBuildPhase;
			buildActionMask = 2147483647;
			files = (
			);
			runOnlyForDeploymentPostprocessing = 0;
		};
		4CD1B0142EF292020004B9C0 /* Resources */ = {
			isa = PBXResourcesBuildPhase;
			buildActionMask = 2147483647;
			files = (
			);
			runOnlyForDeploymentPostprocessing = 0;
		};
/* End PBXResourcesBuildPhase section */

/* Begin PBXSourcesBuildPhase section */
		4CD1AFF92EF292020004B9C0 /* Sources */ = {
			isa = PBXSourcesBuildPhase;
			buildActionMask = 2147483647;
			files = (
			);
			runOnlyForDeploymentPostprocessing = 0;
		};
		4CD1B0082EF292020004B9C0 /* Sources */ = {
			isa = PBXSourcesBuildPhase;
			buildActionMask = 2147483647;
			files = (
			);
			runOnlyForDeploymentPostprocessing = 0;
		};
		4CD1B0122EF292020004B9C0 /* Sources */ = {
			isa = PBXSourcesBuildPhase;
			buildActionMask = 2147483647;
			files = (
			);
			runOnlyForDeploymentPostprocessing = 0;
		};
/* End PBXSourcesBuildPhase section */

/* Begin PBXTargetDependency section */
		4CD1B00E2EF292020004B9C0 /* PBXTargetDependency */ = {
			isa = PBXTargetDependency;
			target = 4CD1AFFC2EF292020004B9C0 /* OctagonAI */;
			targetProxy = 4CD1B00D2EF292020004B9C0 /* PBXContainerItemProxy */;
		};
		4CD1B0182EF292020004B9C0 /* PBXTargetDependency */ = {
			isa = PBXTargetDependency;
			target = 4CD1AFFC2EF292020004B9C0 /* OctagonAI */;
			targetProxy = 4CD1B0172EF292020004B9C0 /* PBXContainerItemProxy */;
		};
/* End PBXTargetDependency section */

/* Begin XCBuildConfiguration section */
		4CD1B01E2EF292020004B9C0 /* Debug */ = {
			isa = XCBuildConfiguration;
			buildSettings = {
				ALWAYS_SEARCH_USER_PATHS = NO;
				ASSETCATALOG_COMPILER_GENERATE_SWIFT_ASSET_SYMBOL_EXTENSIONS = YES;
				CLANG_ANALYZER_NONNULL = YES;
				CLANG_ANALYZER_NUMBER_OBJECT_CONVERSION = YES_AGGRESSIVE;
				CLANG_CXX_LANGUAGE_STANDARD = "gnu++20";
				CLANG_ENABLE_MODULES = YES;
				CLANG_ENABLE_OBJC_ARC = YES;
				CLANG_ENABLE_OBJC_WEAK = YES;
				CLANG_WARN_BLOCK_CAPTURE_AUTORELEASING = YES;
				CLANG_WARN_BOOL_CONVERSION = YES;
				CLANG_WARN_COMMA = YES;
				CLANG_WARN_CONSTANT_CONVERSION = YES;
				CLANG_WARN_DEPRECATED_OBJC_IMPLEMENTATIONS = YES;
				CLANG_WARN_DIRECT_OBJC_ISA_USAGE = YES_ERROR;
				CLANG_WARN_DOCUMENTATION_COMMENTS = YES;
				CLANG_WARN_EMPTY_BODY = YES;
				CLANG_WARN_ENUM_CONVERSION = YES;
				CLANG_WARN_INFINITE_RECURSION = YES;
				CLANG_WARN_INT_CONVERSION = YES;
				CLANG_WARN_NON_LITERAL_NULL_CONVERSION = YES;
				CLANG_WARN_OBJC_IMPLICIT_RETAIN_SELF = YES;
				CLANG_WARN_OBJC_LITERAL_CONVERSION = YES;
				CLANG_WARN_OBJC_ROOT_CLASS = YES_ERROR;
				CLANG_WARN_QUOTED_INCLUDE_IN_FRAMEWORK_HEADER = YES;
				CLANG_WARN_RANGE_LOOP_ANALYSIS = YES;
				CLANG_WARN_STRICT_PROTOTYPES = YES;
				CLANG_WARN_SUSPICIOUS_MOVE = YES;
				CLANG_WARN_UNGUARDED_AVAILABILITY = YES_AGGRESSIVE;
				CLANG_WARN_UNREACHABLE_CODE = YES;
				CLANG_WARN__DUPLICATE_METHOD_MATCH = YES;
				COPY_PHASE_STRIP = NO;
				DEBUG_INFORMATION_FORMAT = dwarf;
				DEVELOPMENT_TEAM = GWNUX6LF3Y;
				ENABLE_STRICT_OBJC_MSGSEND = YES;
				ENABLE_TESTABILITY = YES;
				ENABLE_USER_SCRIPT_SANDBOXING = YES;
				GCC_C_LANGUAGE_STANDARD = gnu17;
				GCC_DYNAMIC_NO_PIC = NO;
				GCC_NO_COMMON_BLOCKS = YES;
				GCC_OPTIMIZATION_LEVEL = 0;
				GCC_PREPROCESSOR_DEFINITIONS = (
					"DEBUG=1",
					"$(inherited)",
				);
				GCC_WARN_64_TO_32_BIT_CONVERSION = YES;
				GCC_WARN_ABOUT_RETURN_TYPE = YES_ERROR;
				GCC_WARN_UNDECLARED_SELECTOR = YES;
				GCC_WARN_UNINITIALIZED_AUTOS = YES_AGGRESSIVE;
				GCC_WARN_UNUSED_FUNCTION = YES;
				GCC_WARN_UNUSED_VARIABLE = YES;
				IPHONEOS_DEPLOYMENT_TARGET = 26.0;
				LOCALIZATION_PREFERS_STRING_CATALOGS = YES;
				MTL_ENABLE_DEBUG_INFO = INCLUDE_SOURCE;
				MTL_FAST_MATH = YES;
				ONLY_ACTIVE_ARCH = YES;
				SDKROOT = iphoneos;
				SWIFT_ACTIVE_COMPILATION_CONDITIONS = "DEBUG $(inherited)";
				SWIFT_OPTIMIZATION_LEVEL = "-Onone";
			};
			name = Debug;
		};
		4CD1B01F2EF292020004B9C0 /* Release */ = {
			isa = XCBuildConfiguration;
			buildSettings = {
				ALWAYS_SEARCH_USER_PATHS = NO;
				ASSETCATALOG_COMPILER_GENERATE_SWIFT_ASSET_SYMBOL_EXTENSIONS = YES;
				CLANG_ANALYZER_NONNULL = YES;
				CLANG_ANALYZER_NUMBER_OBJECT_CONVERSION = YES_AGGRESSIVE;
				CLANG_CXX_LANGUAGE_STANDARD = "gnu++20";
				CLANG_ENABLE_MODULES = YES;
				CLANG_ENABLE_OBJC_ARC = YES;
				CLANG_ENABLE_OBJC_WEAK = YES;
				CLANG_WARN_BLOCK_CAPTURE_AUTORELEASING = YES;
				CLANG_WARN_BOOL_CONVERSION = YES;
				CLANG_WARN_COMMA = YES;
				CLANG_WARN_CONSTANT_CONVERSION = YES;
				CLANG_WARN_DEPRECATED_OBJC_IMPLEMENTATIONS = YES;
				CLANG_WARN_DIRECT_OBJC_ISA_USAGE = YES_ERROR;
				CLANG_WARN_DOCUMENTATION_COMMENTS = YES;
				CLANG_WARN_EMPTY_BODY = YES;
				CLANG_WARN_ENUM_CONVERSION = YES;
				CLANG_WARN_INFINITE_RECURSION = YES;
				CLANG_WARN_INT_CONVERSION = YES;
				CLANG_WARN_NON_LITERAL_NULL_CONVERSION = YES;
				CLANG_WARN_OBJC_IMPLICIT_RETAIN_SELF = YES;
				CLANG_WARN_OBJC_LITERAL_CONVERSION = YES;
				CLANG_WARN_OBJC_ROOT_CLASS = YES_ERROR;
				CLANG_WARN_QUOTED_INCLUDE_IN_FRAMEWORK_HEADER = YES;
				CLANG_WARN_RANGE_LOOP_ANALYSIS = YES;
				CLANG_WARN_STRICT_PROTOTYPES = YES;
				CLANG_WARN_SUSPICIOUS_MOVE = YES;
				CLANG_WARN_UNGUARDED_AVAILABILITY = YES_AGGRESSIVE;
				CLANG_WARN_UNREACHABLE_CODE = YES;
				CLANG_WARN__DUPLICATE_METHOD_MATCH = YES;
				COPY_PHASE_STRIP = NO;
				DEBUG_INFORMATION_FORMAT = "dwarf-with-dsym";
				DEVELOPMENT_TEAM = GWNUX6LF3Y;
				ENABLE_NS_ASSERTIONS = NO;
				ENABLE_STRICT_OBJC_MSGSEND = YES;
				ENABLE_USER_SCRIPT_SANDBOXING = YES;
				GCC_C_LANGUAGE_STANDARD = gnu17;
				GCC_NO_COMMON_BLOCKS = YES;
				GCC_WARN_64_TO_32_BIT_CONVERSION = YES;
				GCC_WARN_ABOUT_RETURN_TYPE = YES_ERROR;
				GCC_WARN_UNDECLARED_SELECTOR = YES;
				GCC_WARN_UNINITIALIZED_AUTOS = YES_AGGRESSIVE;
				GCC_WARN_UNUSED_FUNCTION = YES;
				GCC_WARN_UNUSED_VARIABLE = YES;
				IPHONEOS_DEPLOYMENT_TARGET = 26.0;
				LOCALIZATION_PREFERS_STRING_CATALOGS = YES;
				MTL_ENABLE_DEBUG_INFO = NO;
				MTL_FAST_MATH = YES;
				SDKROOT = iphoneos;
				SWIFT_COMPILATION_MODE = wholemodule;
				VALIDATE_PRODUCT = YES;
			};
			name = Release;
		};
		4CD1B0212EF292020004B9C0 /* Debug */ = {
			isa = XCBuildConfiguration;
			buildSettings = {
				ASSETCATALOG_COMPILER_APPICON_NAME = AppIcon;
				ASSETCATALOG_COMPILER_GLOBAL_ACCENT_COLOR_NAME = AccentColor;
				CODE_SIGN_STYLE = Automatic;
				CURRENT_PROJECT_VERSION = 1;
				DEVELOPMENT_TEAM = GWNUX6LF3Y;
				ENABLE_PREVIEWS = YES;
				GENERATE_INFOPLIST_FILE = YES;
				INFOPLIST_KEY_UIApplicationSceneManifest_Generation = YES;
				INFOPLIST_KEY_UIApplicationSupportsIndirectInputEvents = YES;
				INFOPLIST_KEY_UILaunchScreen_Generation = YES;
				INFOPLIST_KEY_UISupportedInterfaceOrientations_iPad = "UIInterfaceOrientationPortrait UIInterfaceOrientationPortraitUpsideDown UIInterfaceOrientationLandscapeLeft UIInterfaceOrientationLandscapeRight";
				INFOPLIST_KEY_UISupportedInterfaceOrientations_iPhone = "UIInterfaceOrientationPortrait UIInterfaceOrientationLandscapeLeft UIInterfaceOrientationLandscapeRight";
				IPHONEOS_DEPLOYMENT_TARGET = 17.6;
				LD_RUNPATH_SEARCH_PATHS = (
					"$(inherited)",
					"@executable_path/Frameworks",
				);
				MARKETING_VERSION = 1.0;
				PRODUCT_BUNDLE_IDENTIFIER = com.michael.OctagonAI;
				PRODUCT_NAME = "$(TARGET_NAME)";
				STRING_CATALOG_GENERATE_SYMBOLS = YES;
				SWIFT_APPROACHABLE_CONCURRENCY = YES;
				SWIFT_DEFAULT_ACTOR_ISOLATION = MainActor;
				SWIFT_EMIT_LOC_STRINGS = YES;
				SWIFT_UPCOMING_FEATURE_MEMBER_IMPORT_VISIBILITY = YES;
				SWIFT_VERSION = 5.0;
				TARGETED_DEVICE_FAMILY = "1,2";
			};
			name = Debug;
		};
		4CD1B0222EF292020004B9C0 /* Release */ = {
			isa = XCBuildConfiguration;
			buildSettings = {
				ASSETCATALOG_COMPILER_APPICON_NAME = AppIcon;
				ASSETCATALOG_COMPILER_GLOBAL_ACCENT_COLOR_NAME = AccentColor;
				CODE_SIGN_STYLE = Automatic;
				CURRENT_PROJECT_VERSION = 1;
				DEVELOPMENT_TEAM = GWNUX6LF3Y;
				ENABLE_PREVIEWS = YES;
				GENERATE_INFOPLIST_FILE = YES;
				INFOPLIST_KEY_UIApplicationSceneManifest_Generation = YES;
				INFOPLIST_KEY_UIApplicationSupportsIndirectInputEvents = YES;
				INFOPLIST_KEY_UILaunchScreen_Generation = YES;
				INFOPLIST_KEY_UISupportedInterfaceOrientations_iPad = "UIInterfaceOrientationPortrait UIInterfaceOrientationPortraitUpsideDown UIInterfaceOrientationLandscapeLeft UIInterfaceOrientationLandscapeRight";
				INFOPLIST_KEY_UISupportedInterfaceOrientations_iPhone = "UIInterfaceOrientationPortrait UIInterfaceOrientationLandscapeLeft UIInterfaceOrientationLandscapeRight";
				IPHONEOS_DEPLOYMENT_TARGET = 17.6;
				LD_RUNPATH_SEARCH_PATHS = (
					"$(inherited)",
					"@executable_path/Frameworks",
				);
				MARKETING_VERSION = 1.0;
				PRODUCT_BUNDLE_IDENTIFIER = com.michael.OctagonAI;
				PRODUCT_NAME = "$(TARGET_NAME)";
				STRING_CATALOG_GENERATE_SYMBOLS = YES;
				SWIFT_APPROACHABLE_CONCURRENCY = YES;
				SWIFT_DEFAULT_ACTOR_ISOLATION = MainActor;
				SWIFT_EMIT_LOC_STRINGS = YES;
				SWIFT_UPCOMING_FEATURE_MEMBER_IMPORT_VISIBILITY = YES;
				SWIFT_VERSION = 5.0;
				TARGETED_DEVICE_FAMILY = "1,2";
			};
			name = Release;
		};
		4CD1B0242EF292020004B9C0 /* Debug */ = {
			isa = XCBuildConfiguration;
			buildSettings = {
				BUNDLE_LOADER = "$(TEST_HOST)";
				CODE_SIGN_STYLE = Automatic;
				CURRENT_PROJECT_VERSION = 1;
				DEVELOPMENT_TEAM = GWNUX6LF3Y;
				GENERATE_INFOPLIST_FILE = YES;
				IPHONEOS_DEPLOYMENT_TARGET = 26.0;
				MARKETING_VERSION = 1.0;
				PRODUCT_BUNDLE_IDENTIFIER = com.michael.OctagonAITests;
				PRODUCT_NAME = "$(TARGET_NAME)";
				STRING_CATALOG_GENERATE_SYMBOLS = NO;
				SWIFT_APPROACHABLE_CONCURRENCY = YES;
				SWIFT_EMIT_LOC_STRINGS = NO;
				SWIFT_UPCOMING_FEATURE_MEMBER_IMPORT_VISIBILITY = YES;
				SWIFT_VERSION = 5.0;
				TARGETED_DEVICE_FAMILY = "1,2";
				TEST_HOST = "$(BUILT_PRODUCTS_DIR)/OctagonAI.app/$(BUNDLE_EXECUTABLE_FOLDER_PATH)/OctagonAI";
			};
			name = Debug;
		};
		4CD1B0252EF292020004B9C0 /* Release */ = {
			isa = XCBuildConfiguration;
			buildSettings = {
				BUNDLE_LOADER = "$(TEST_HOST)";
				CODE_SIGN_STYLE = Automatic;
				CURRENT_PROJECT_VERSION = 1;
				DEVELOPMENT_TEAM = GWNUX6LF3Y;
				GENERATE_INFOPLIST_FILE = YES;
				IPHONEOS_DEPLOYMENT_TARGET = 26.0;
				MARKETING_VERSION = 1.0;
				PRODUCT_BUNDLE_IDENTIFIER = com.michael.OctagonAITests;
				PRODUCT_NAME = "$(TARGET_NAME)";
				STRING_CATALOG_GENERATE_SYMBOLS = NO;
				SWIFT_APPROACHABLE_CONCURRENCY = YES;
				SWIFT_EMIT_LOC_STRINGS = NO;
				SWIFT_UPCOMING_FEATURE_MEMBER_IMPORT_VISIBILITY = YES;
				SWIFT_VERSION = 5.0;
				TARGETED_DEVICE_FAMILY = "1,2";
				TEST_HOST = "$(BUILT_PRODUCTS_DIR)/OctagonAI.app/$(BUNDLE_EXECUTABLE_FOLDER_PATH)/OctagonAI";
			};
			name = Release;
		};
		4CD1B0272EF292020004B9C0 /* Debug */ = {
			isa = XCBuildConfiguration;
			buildSettings = {
				CODE_SIGN_STYLE = Automatic;
				CURRENT_PROJECT_VERSION = 1;
				DEVELOPMENT_TEAM = GWNUX6LF3Y;
				GENERATE_INFOPLIST_FILE = YES;
				MARKETING_VERSION = 1.0;
				PRODUCT_BUNDLE_IDENTIFIER = com.michael.OctagonAIUITests;
				PRODUCT_NAME = "$(TARGET_NAME)";
				STRING_CATALOG_GENERATE_SYMBOLS = NO;
				SWIFT_APPROACHABLE_CONCURRENCY = YES;
				SWIFT_EMIT_LOC_STRINGS = NO;
				SWIFT_UPCOMING_FEATURE_MEMBER_IMPORT_VISIBILITY = YES;
				SWIFT_VERSION = 5.0;
				TARGETED_DEVICE_FAMILY = "1,2";
				TEST_TARGET_NAME = OctagonAI;
			};
			name = Debug;
		};
		4CD1B0282EF292020004B9C0 /* Release */ = {
			isa = XCBuildConfiguration;
			buildSettings = {
				CODE_SIGN_STYLE = Automatic;
				CURRENT_PROJECT_VERSION = 1;
				DEVELOPMENT_TEAM = GWNUX6LF3Y;
				GENERATE_INFOPLIST_FILE = YES;
				MARKETING_VERSION = 1.0;
				PRODUCT_BUNDLE_IDENTIFIER = com.michael.OctagonAIUITests;
				PRODUCT_NAME = "$(TARGET_NAME)";
				STRING_CATALOG_GENERATE_SYMBOLS = NO;
				SWIFT_APPROACHABLE_CONCURRENCY = YES;
				SWIFT_EMIT_LOC_STRINGS = NO;
				SWIFT_UPCOMING_FEATURE_MEMBER_IMPORT_VISIBILITY = YES;
				SWIFT_VERSION = 5.0;
				TARGETED_DEVICE_FAMILY = "1,2";
				TEST_TARGET_NAME = OctagonAI;
			};
			name = Release;
		};
/* End XCBuildConfiguration section */

/* Begin XCConfigurationList section */
		4CD1AFF82EF292020004B9C0 /* Build configuration list for PBXProject "OctagonAI" */ = {
			isa = XCConfigurationList;
			buildConfigurations = (
				4CD1B01E2EF292020004B9C0 /* Debug */,
				4CD1B01F2EF292020004B9C0 /* Release */,
			);
			defaultConfigurationIsVisible = 0;
			defaultConfigurationName = Release;
		};
		4CD1B0202EF292020004B9C0 /* Build configuration list for PBXNativeTarget "OctagonAI" */ = {
			isa = XCConfigurationList;
			buildConfigurations = (
				4CD1B0212EF292020004B9C0 /* Debug */,
				4CD1B0222EF292020004B9C0 /* Release */,
			);
			defaultConfigurationIsVisible = 0;
			defaultConfigurationName = Release;
		};
		4CD1B0232EF292020004B9C0 /* Build configuration list for PBXNativeTarget "OctagonAITests" */ = {
			isa = XCConfigurationList;
			buildConfigurations = (
				4CD1B0242EF292020004B9C0 /* Debug */,
				4CD1B0252EF292020004B9C0 /* Release */,
			);
			defaultConfigurationIsVisible = 0;
			defaultConfigurationName = Release;
		};
		4CD1B0262EF292020004B9C0 /* Build configuration list for PBXNativeTarget "OctagonAIUITests" */ = {
			isa = XCConfigurationList;
			buildConfigurations = (
				4CD1B0272EF292020004B9C0 /* Debug */,
				4CD1B0282EF292020004B9C0 /* Release */,
			);
			defaultConfigurationIsVisible = 0;
			defaultConfigurationName = Release;
		};
/* End XCConfigurationList section */

/* Begin XCRemoteSwiftPackageReference section */
		4CD1B04C2EF540810004B9C0 /* XCRemoteSwiftPackageReference "firebase-ios-sdk" */ = {
			isa = XCRemoteSwiftPackageReference;
			repositoryURL = "https://github.com/firebase/firebase-ios-sdk.git";
			requirement = {
				kind = upToNextMajorVersion;
				minimumVersion = 12.7.0;
			};
		};
/* End XCRemoteSwiftPackageReference section */

/* Begin XCSwiftPackageProductDependency section */
		4CD1B04D2EF540810004B9C0 /* FirebaseAuth */ = {
			isa = XCSwiftPackageProductDependency;
			package = 4CD1B04C2EF540810004B9C0 /* XCRemoteSwiftPackageReference "firebase-ios-sdk" */;
			productName = FirebaseAuth;
		};
		4CD1B04F2EF540810004B9C0 /* FirebaseFirestore */ = {
			isa = XCSwiftPackageProductDependency;
			package = 4CD1B04C2EF540810004B9C0 /* XCRemoteSwiftPackageReference "firebase-ios-sdk" */;
			productName = FirebaseFirestore;
		};
/* End XCSwiftPackageProductDependency section */
	};
	rootObject = 4CD1AFF52EF292020004B9C0 /* Project object */;
}
